// !$*UTF8*$!
{
	archiveVersion = 1;
	classes = {
	};
	objectVersion = 46;
	objects = {

/* Begin PBXBuildFile section */
		81D45DE71CC7909D00080B8B /* AppDelegate.swift in Sources */ = {isa = PBXBuildFile; fileRef = 81D45DE61CC7909D00080B8B /* AppDelegate.swift */; };
		81D45DE91CC7909D00080B8B /* ViewController.swift in Sources */ = {isa = PBXBuildFile; fileRef = 81D45DE81CC7909D00080B8B /* ViewController.swift */; };
		81D45DEC1CC7909D00080B8B /* Main.storyboard in Resources */ = {isa = PBXBuildFile; fileRef = 81D45DEA1CC7909D00080B8B /* Main.storyboard */; };
		81D45DEE1CC7909D00080B8B /* Assets.xcassets in Resources */ = {isa = PBXBuildFile; fileRef = 81D45DED1CC7909D00080B8B /* Assets.xcassets */; };
		81D45DF11CC7909D00080B8B /* LaunchScreen.storyboard in Resources */ = {isa = PBXBuildFile; fileRef = 81D45DEF1CC7909D00080B8B /* LaunchScreen.storyboard */; };
		81D45DFC1CC7909D00080B8B /* FoodTrackerTests.swift in Sources */ = {isa = PBXBuildFile; fileRef = 81D45DFB1CC7909D00080B8B /* FoodTrackerTests.swift */; };
/* End PBXBuildFile section */

/* Begin PBXContainerItemProxy section */
		81D45DF81CC7909D00080B8B /* PBXContainerItemProxy */ = {
			isa = PBXContainerItemProxy;
			containerPortal = 81D45DDB1CC7909D00080B8B /* Project object */;
			proxyType = 1;
			remoteGlobalIDString = 81D45DE21CC7909D00080B8B;
			remoteInfo = FoodTracker;
		};
/* End PBXContainerItemProxy section */

/* Begin PBXFileReference section */
		81D45DE31CC7909D00080B8B /* FoodTracker.app */ = {isa = PBXFileReference; explicitFileType = wrapper.application; includeInIndex = 0; path = FoodTracker.app; sourceTree = BUILT_PRODUCTS_DIR; };
		81D45DE61CC7909D00080B8B /* AppDelegate.swift */ = {isa = PBXFileReference; lastKnownFileType = sourcecode.swift; path = AppDelegate.swift; sourceTree = "<group>"; };
		81D45DE81CC7909D00080B8B /* ViewController.swift */ = {isa = PBXFileReference; lastKnownFileType = sourcecode.swift; path = ViewController.swift; sourceTree = "<group>"; };
		81D45DEB1CC7909D00080B8B /* Base */ = {isa = PBXFileReference; lastKnownFileType = file.storyboard; name = Base; path = Base.lproj/Main.storyboard; sourceTree = "<group>"; };
		81D45DED1CC7909D00080B8B /* Assets.xcassets */ = {isa = PBXFileReference; lastKnownFileType = folder.assetcatalog; path = Assets.xcassets; sourceTree = "<group>"; };
		81D45DF01CC7909D00080B8B /* Base */ = {isa = PBXFileReference; lastKnownFileType = file.storyboard; name = Base; path = Base.lproj/LaunchScreen.storyboard; sourceTree = "<group>"; };
		81D45DF21CC7909D00080B8B /* Info.plist */ = {isa = PBXFileReference; lastKnownFileType = text.plist.xml; path = Info.plist; sourceTree = "<group>"; };
		81D45DF71CC7909D00080B8B /* FoodTrackerTests.xctest */ = {isa = PBXFileReference; explicitFileType = wrapper.cfbundle; includeInIndex = 0; path = FoodTrackerTests.xctest; sourceTree = BUILT_PRODUCTS_DIR; };
		81D45DFB1CC7909D00080B8B /* FoodTrackerTests.swift */ = {isa = PBXFileReference; lastKnownFileType = sourcecode.swift; path = FoodTrackerTests.swift; sourceTree = "<group>"; };
		81D45DFD1CC7909D00080B8B /* Info.plist */ = {isa = PBXFileReference; lastKnownFileType = text.plist.xml; path = Info.plist; sourceTree = "<group>"; };
/* End PBXFileReference section */

/* Begin PBXFrameworksBuildPhase section */
		81D45DE01CC7909D00080B8B /* Frameworks */ = {
			isa = PBXFrameworksBuildPhase;
			buildActionMask = 2147483647;
			files = (
			);
			runOnlyForDeploymentPostprocessing = 0;
		};
		81D45DF41CC7909D00080B8B /* Frameworks */ = {
			isa = PBXFrameworksBuildPhase;
			buildActionMask = 2147483647;
			files = (
			);
			runOnlyForDeploymentPostprocessing = 0;
		};
/* End PBXFrameworksBuildPhase section */

/* Begin PBXGroup section */
		81D45DDA1CC7909D00080B8B = {
			isa = PBXGroup;
			children = (
				81D45DE51CC7909D00080B8B /* FoodTracker */,
				81D45DFA1CC7909D00080B8B /* FoodTrackerTests */,
				81D45DE41CC7909D00080B8B /* Products */,
			);
			sourceTree = "<group>";
		};
		81D45DE41CC7909D00080B8B /* Products */ = {
			isa = PBXGroup;
			children = (
				81D45DE31CC7909D00080B8B /* FoodTracker.app */,
				81D45DF71CC7909D00080B8B /* FoodTrackerTests.xctest */,
			);
			name = Products;
			sourceTree = "<group>";
		};
		81D45DE51CC7909D00080B8B /* FoodTracker */ = {
			isa = PBXGroup;
			children = (
				81D45DE61CC7909D00080B8B /* AppDelegate.swift */,
				81D45DE81CC7909D00080B8B /* ViewController.swift */,
				81D45DEA1CC7909D00080B8B /* Main.storyboard */,
				81D45DED1CC7909D00080B8B /* Assets.xcassets */,
				81D45DEF1CC7909D00080B8B /* LaunchScreen.storyboard */,
				81D45DF21CC7909D00080B8B /* Info.plist */,
			);
			path = FoodTracker;
			sourceTree = "<group>";
		};
		81D45DFA1CC7909D00080B8B /* FoodTrackerTests */ = {
			isa = PBXGroup;
			children = (
				81D45DFB1CC7909D00080B8B /* FoodTrackerTests.swift */,
				81D45DFD1CC7909D00080B8B /* Info.plist */,
			);
			path = FoodTrackerTests;
			sourceTree = "<group>";
		};
/* End PBXGroup section */

/* Begin PBXNativeTarget section */
		81D45DE21CC7909D00080B8B /* FoodTracker */ = {
			isa = PBXNativeTarget;
			buildConfigurationList = 81D45E001CC7909D00080B8B /* Build configuration list for PBXNativeTarget "FoodTracker" */;
			buildPhases = (
				81D45DDF1CC7909D00080B8B /* Sources */,
				81D45DE01CC7909D00080B8B /* Frameworks */,
				81D45DE11CC7909D00080B8B /* Resources */,
			);
			buildRules = (
			);
			dependencies = (
			);
			name = FoodTracker;
			productName = FoodTracker;
			productReference = 81D45DE31CC7909D00080B8B /* FoodTracker.app */;
			productType = "com.apple.product-type.application";
		};
		81D45DF61CC7909D00080B8B /* FoodTrackerTests */ = {
			isa = PBXNativeTarget;
			buildConfigurationList = 81D45E031CC7909D00080B8B /* Build configuration list for PBXNativeTarget "FoodTrackerTests" */;
			buildPhases = (
				81D45DF31CC7909D00080B8B /* Sources */,
				81D45DF41CC7909D00080B8B /* Frameworks */,
				81D45DF51CC7909D00080B8B /* Resources */,
			);
			buildRules = (
			);
			dependencies = (
				81D45DF91CC7909D00080B8B /* PBXTargetDependency */,
			);
			name = FoodTrackerTests;
			productName = FoodTrackerTests;
			productReference = 81D45DF71CC7909D00080B8B /* FoodTrackerTests.xctest */;
			productType = "com.apple.product-type.bundle.unit-test";
		};
/* End PBXNativeTarget section */

/* Begin PBXProject section */
		81D45DDB1CC7909D00080B8B /* Project object */ = {
			isa = PBXProject;
			attributes = {
				LastSwiftUpdateCheck = 0730;
				LastUpgradeCheck = 0730;
				ORGANIZATIONNAME = "Gresko, Anthony (US)";
				TargetAttributes = {
					81D45DE21CC7909D00080B8B = {
						CreatedOnToolsVersion = 7.3;
						DevelopmentTeam = C6H6JTXCL3;
					};
					81D45DF61CC7909D00080B8B = {
						CreatedOnToolsVersion = 7.3;
						TestTargetID = 81D45DE21CC7909D00080B8B;
					};
				};
			};
			buildConfigurationList = 81D45DDE1CC7909D00080B8B /* Build configuration list for PBXProject "FoodTracker" */;
			compatibilityVersion = "Xcode 3.2";
			developmentRegion = English;
			hasScannedForEncodings = 0;
			knownRegions = (
				en,
				Base,
			);
			mainGroup = 81D45DDA1CC7909D00080B8B;
			productRefGroup = 81D45DE41CC7909D00080B8B /* Products */;
			projectDirPath = "";
			projectRoot = "";
			targets = (
				81D45DE21CC7909D00080B8B /* FoodTracker */,
				81D45DF61CC7909D00080B8B /* FoodTrackerTests */,
			);
		};
/* End PBXProject section */

/* Begin PBXResourcesBuildPhase section */
		81D45DE11CC7909D00080B8B /* Resources */ = {
			isa = PBXResourcesBuildPhase;
			buildActionMask = 2147483647;
			files = (
				81D45DF11CC7909D00080B8B /* LaunchScreen.storyboard in Resources */,
				81D45DEE1CC7909D00080B8B /* Assets.xcassets in Resources */,
				81D45DEC1CC7909D00080B8B /* Main.storyboard in Resources */,
			);
			runOnlyForDeploymentPostprocessing = 0;
		};
		81D45DF51CC7909D00080B8B /* Resources */ = {
			isa = PBXResourcesBuildPhase;
			buildActionMask = 2147483647;
			files = (
			);
			runOnlyForDeploymentPostprocessing = 0;
		};
/* End PBXResourcesBuildPhase section */

/* Begin PBXSourcesBuildPhase section */
		81D45DDF1CC7909D00080B8B /* Sources */ = {
			isa = PBXSourcesBuildPhase;
			buildActionMask = 2147483647;
			files = (
				81D45DE91CC7909D00080B8B /* ViewController.swift in Sources */,
				81D45DE71CC7909D00080B8B /* AppDelegate.swift in Sources */,
			);
			runOnlyForDeploymentPostprocessing = 0;
		};
		81D45DF31CC7909D00080B8B /* Sources */ = {
			isa = PBXSourcesBuildPhase;
			buildActionMask = 2147483647;
			files = (
				81D45DFC1CC7909D00080B8B /* FoodTrackerTests.swift in Sources */,
			);
			runOnlyForDeploymentPostprocessing = 0;
		};
/* End PBXSourcesBuildPhase section */

/* Begin PBXTargetDependency section */
		81D45DF91CC7909D00080B8B /* PBXTargetDependency */ = {
			isa = PBXTargetDependency;
			target = 81D45DE21CC7909D00080B8B /* FoodTracker */;
			targetProxy = 81D45DF81CC7909D00080B8B /* PBXContainerItemProxy */;
		};
/* End PBXTargetDependency section */

/* Begin PBXVariantGroup section */
		81D45DEA1CC7909D00080B8B /* Main.storyboard */ = {
			isa = PBXVariantGroup;
			children = (
				81D45DEB1CC7909D00080B8B /* Base */,
			);
			name = Main.storyboard;
			sourceTree = "<group>";
		};
		81D45DEF1CC7909D00080B8B /* LaunchScreen.storyboard */ = {
			isa = PBXVariantGroup;
			children = (
				81D45DF01CC7909D00080B8B /* Base */,
			);
			name = LaunchScreen.storyboard;
			sourceTree = "<group>";
		};
/* End PBXVariantGroup section */

/* Begin XCBuildConfiguration section */
		81D45DFE1CC7909D00080B8B /* Debug */ = {
			isa = XCBuildConfiguration;
			buildSettings = {
				ALWAYS_SEARCH_USER_PATHS = NO;
				CLANG_ANALYZER_NONNULL = YES;
				CLANG_CXX_LANGUAGE_STANDARD = "gnu++0x";
				CLANG_CXX_LIBRARY = "libc++";
				CLANG_ENABLE_MODULES = YES;
				CLANG_ENABLE_OBJC_ARC = YES;
				CLANG_WARN_BOOL_CONVERSION = YES;
				CLANG_WARN_CONSTANT_CONVERSION = YES;
				CLANG_WARN_DIRECT_OBJC_ISA_USAGE = YES_ERROR;
				CLANG_WARN_EMPTY_BODY = YES;
				CLANG_WARN_ENUM_CONVERSION = YES;
				CLANG_WARN_INT_CONVERSION = YES;
				CLANG_WARN_OBJC_ROOT_CLASS = YES_ERROR;
				CLANG_WARN_UNREACHABLE_CODE = YES;
				CLANG_WARN__DUPLICATE_METHOD_MATCH = YES;
				"CODE_SIGN_IDENTITY[sdk=iphoneos*]" = "iPhone Developer";
				COPY_PHASE_STRIP = NO;
				DEBUG_INFORMATION_FORMAT = dwarf;
				ENABLE_STRICT_OBJC_MSGSEND = YES;
				ENABLE_TESTABILITY = YES;
				GCC_C_LANGUAGE_STANDARD = gnu99;
				GCC_DYNAMIC_NO_PIC = NO;
				GCC_NO_COMMON_BLOCKS = YES;
				GCC_OPTIMIZATION_LEVEL = 0;
				GCC_PREPROCESSOR_DEFINITIONS = (
					"DEBUG=1",
					"$(inherited)",
				);
				GCC_WARN_64_TO_32_BIT_CONVERSION = YES;
				GCC_WARN_ABOUT_RETURN_TYPE = YES_ERROR;
				GCC_WARN_UNDECLARED_SELECTOR = YES;
				GCC_WARN_UNINITIALIZED_AUTOS = YES_AGGRESSIVE;
				GCC_WARN_UNUSED_FUNCTION = YES;
				GCC_WARN_UNUSED_VARIABLE = YES;
				IPHONEOS_DEPLOYMENT_TARGET = 9.3;
				MTL_ENABLE_DEBUG_INFO = YES;
				ONLY_ACTIVE_ARCH = YES;
				SDKROOT = iphoneos;
				SWIFT_OPTIMIZATION_LEVEL = "-Onone";
				TARGETED_DEVICE_FAMILY = "1,2";
			};
			name = Debug;
		};
		81D45DFF1CC7909D00080B8B /* Release */ = {
			isa = XCBuildConfiguration;
			buildSettings = {
				ALWAYS_SEARCH_USER_PATHS = NO;
				CLANG_ANALYZER_NONNULL = YES;
				CLANG_CXX_LANGUAGE_STANDARD = "gnu++0x";
				CLANG_CXX_LIBRARY = "libc++";
				CLANG_ENABLE_MODULES = YES;
				CLANG_ENABLE_OBJC_ARC = YES;
				CLANG_WARN_BOOL_CONVERSION = YES;
				CLANG_WARN_CONSTANT_CONVERSION = YES;
				CLANG_WARN_DIRECT_OBJC_ISA_USAGE = YES_ERROR;
				CLANG_WARN_EMPTY_BODY = YES;
				CLANG_WARN_ENUM_CONVERSION = YES;
				CLANG_WARN_INT_CONVERSION = YES;
				CLANG_WARN_OBJC_ROOT_CLASS = YES_ERROR;
				CLANG_WARN_UNREACHABLE_CODE = YES;
				CLANG_WARN__DUPLICATE_METHOD_MATCH = YES;
				"CODE_SIGN_IDENTITY[sdk=iphoneos*]" = "iPhone Developer";
				COPY_PHASE_STRIP = NO;
				DEBUG_INFORMATION_FORMAT = "dwarf-with-dsym";
				ENABLE_NS_ASSERTIONS = NO;
				ENABLE_STRICT_OBJC_MSGSEND = YES;
				GCC_C_LANGUAGE_STANDARD = gnu99;
				GCC_NO_COMMON_BLOCKS = YES;
				GCC_WARN_64_TO_32_BIT_CONVERSION = YES;
				GCC_WARN_ABOUT_RETURN_TYPE = YES_ERROR;
				GCC_WARN_UNDECLARED_SELECTOR = YES;
				GCC_WARN_UNINITIALIZED_AUTOS = YES_AGGRESSIVE;
				GCC_WARN_UNUSED_FUNCTION = YES;
				GCC_WARN_UNUSED_VARIABLE = YES;
				IPHONEOS_DEPLOYMENT_TARGET = 9.3;
				MTL_ENABLE_DEBUG_INFO = NO;
				SDKROOT = iphoneos;
				TARGETED_DEVICE_FAMILY = "1,2";
				VALIDATE_PRODUCT = YES;
			};
			name = Release;
		};
		81D45E011CC7909D00080B8B /* Debug */ = {
			isa = XCBuildConfiguration;
			buildSettings = {
				ASSETCATALOG_COMPILER_APPICON_NAME = AppIcon;
				CODE_SIGN_IDENTITY = "iPhone Developer";
				"CODE_SIGN_IDENTITY[sdk=iphoneos*]" = "iPhone Developer";
				INFOPLIST_FILE = FoodTracker/Info.plist;
				IPHONEOS_DEPLOYMENT_TARGET = 9.3;
				LD_RUNPATH_SEARCH_PATHS = "$(inherited) @executable_path/Frameworks";
				PRODUCT_BUNDLE_IDENTIFIER = com.example.FoodTracker;
				PRODUCT_NAME = "$(TARGET_NAME)";
				PROVISIONING_PROFILE = "";
			};
			name = Debug;
		};
		81D45E021CC7909D00080B8B /* Release */ = {
			isa = XCBuildConfiguration;
			buildSettings = {
				ASSETCATALOG_COMPILER_APPICON_NAME = AppIcon;
				CODE_SIGN_IDENTITY = "iPhone Developer";
				"CODE_SIGN_IDENTITY[sdk=iphoneos*]" = "iPhone Developer";
				INFOPLIST_FILE = FoodTracker/Info.plist;
				IPHONEOS_DEPLOYMENT_TARGET = 9.3;
				LD_RUNPATH_SEARCH_PATHS = "$(inherited) @executable_path/Frameworks";
				PRODUCT_BUNDLE_IDENTIFIER = com.example.FoodTracker;
				PRODUCT_NAME = "$(TARGET_NAME)";
				PROVISIONING_PROFILE = "";
			};
			name = Release;
		};
		81D45E041CC7909D00080B8B /* Debug */ = {
			isa = XCBuildConfiguration;
			buildSettings = {
				BUNDLE_LOADER = "$(TEST_HOST)";
				INFOPLIST_FILE = FoodTrackerTests/Info.plist;
				LD_RUNPATH_SEARCH_PATHS = "$(inherited) @executable_path/Frameworks @loader_path/Frameworks";
				PRODUCT_BUNDLE_IDENTIFIER = com.example.FoodTrackerTests;
				PRODUCT_NAME = "$(TARGET_NAME)";
				TEST_HOST = "$(BUILT_PRODUCTS_DIR)/FoodTracker.app/FoodTracker";
			};
			name = Debug;
		};
		81D45E051CC7909D00080B8B /* Release */ = {
			isa = XCBuildConfiguration;
			buildSettings = {
				BUNDLE_LOADER = "$(TEST_HOST)";
				INFOPLIST_FILE = FoodTrackerTests/Info.plist;
				LD_RUNPATH_SEARCH_PATHS = "$(inherited) @executable_path/Frameworks @loader_path/Frameworks";
				PRODUCT_BUNDLE_IDENTIFIER = com.example.FoodTrackerTests;
				PRODUCT_NAME = "$(TARGET_NAME)";
				TEST_HOST = "$(BUILT_PRODUCTS_DIR)/FoodTracker.app/FoodTracker";
			};
			name = Release;
		};
/* End XCBuildConfiguration section */

/* Begin XCConfigurationList section */
		81D45DDE1CC7909D00080B8B /* Build configuration list for PBXProject "FoodTracker" */ = {
			isa = XCConfigurationList;
			buildConfigurations = (
				81D45DFE1CC7909D00080B8B /* Debug */,
				81D45DFF1CC7909D00080B8B /* Release */,
			);
			defaultConfigurationIsVisible = 0;
			defaultConfigurationName = Release;
		};
		81D45E001CC7909D00080B8B /* Build configuration list for PBXNativeTarget "FoodTracker" */ = {
			isa = XCConfigurationList;
			buildConfigurations = (
				81D45E011CC7909D00080B8B /* Debug */,
				81D45E021CC7909D00080B8B /* Release */,
			);
			defaultConfigurationIsVisible = 0;
			defaultConfigurationName = Release;
		};
		81D45E031CC7909D00080B8B /* Build configuration list for PBXNativeTarget "FoodTrackerTests" */ = {
			isa = XCConfigurationList;
			buildConfigurations = (
				81D45E041CC7909D00080B8B /* Debug */,
				81D45E051CC7909D00080B8B /* Release */,
			);
			defaultConfigurationIsVisible = 0;
			defaultConfigurationName = Release;
		};
/* End XCConfigurationList section */
	};
	rootObject = 81D45DDB1CC7909D00080B8B /* Project object */;
}
